
Microsoft Visual Studio Solution File, Format Version 10.00
# Visual Studio 2008
Project("{FAE04EC0-301F-11D3-BF4B-00C04F79EFBC}") = "OracleDBAdapter", "OracleDBAdapter\OracleDBAdapter.csproj", "{51E86920-BF55-4683-8120-E9F938070955}"
EndProject
Project("{FAE04EC0-301F-11D3-BF4B-00C04F79EFBC}") = "MySqlDBAdapter", "MySqlDBAdapter\MySqlDBAdapter.csproj", "{68A1A648-3E4F-4BFE-BA05-A0BEA5933307}"
EndProject
Project("{FAE04EC0-301F-11D3-BF4B-00C04F79EFBC}") = "Hubble.Core", "..\Hubble.Data\Hubble.Core\Hubble.Core.csproj", "{003F69CF-186C-45C9-85B6-96D175D56711}"
EndProject
Project("{FAE04EC0-301F-11D3-BF4B-00C04F79EFBC}") = "Hubble.SQLClient", "..\Hubble.Data\Hubble.SQLClient\Hubble.SQLClient.csproj", "{DA77CD74-7A29-4772-BF49-4A1DF146B1D1}"
EndProject
Project("{FAE04EC0-301F-11D3-BF4B-00C04F79EFBC}") = "Hubble.Framework", "..\Hubble.Framework\Hubble.Framework\Hubble.Framework.csproj", "{21D12CAB-9917-432E-A54E-E432DA0F432A}"
EndProject
Project("{2150E333-8FDC-42A3-9474-1A3956D46DE8}") = "Hubble", "Hubble", "{AC8311B2-A9FA-4E41-B26C-9A4BCDE0484C}"
EndProject
Project("{FAE04EC0-301F-11D3-BF4B-00C04F79EFBC}") = "OtherDBTest", "OtherDBTest\OtherDBTest.csproj", "{9CEBC151-D943-418D-985D-79FE3E89BD0B}"
EndProject
Project("{FAE04EC0-301F-11D3-BF4B-00C04F79EFBC}") = "SqliteDBAdapter", "SqliteDBAdapter\SqliteDBAdapter.csproj", "{8B97E187-58C5-47BF-BAEB-991DB5A779CF}"
EndProject
Global
	GlobalSection(SolutionConfigurationPlatforms) = preSolution
		Debug|Any CPU = Debug|Any CPU
		HubblePro|Any CPU = HubblePro|Any CPU
		PerformanceTest|Any CPU = PerformanceTest|Any CPU
		Release|Any CPU = Release|Any CPU
		X64|Any CPU = X64|Any CPU
	EndGlobalSection
	GlobalSection(ProjectConfigurationPlatforms) = postSolution
		{51E86920-BF55-4683-8120-E9F938070955}.Debug|Any CPU.ActiveCfg = Debug|Any CPU
		{51E86920-BF55-4683-8120-E9F938070955}.Debug|Any CPU.Build.0 = Debug|Any CPU
		{51E86920-BF55-4683-8120-E9F938070955}.HubblePro|Any CPU.ActiveCfg = Release|Any CPU
		{51E86920-BF55-4683-8120-E9F938070955}.HubblePro|Any CPU.Build.0 = Release|Any CPU
		{51E86920-BF55-4683-8120-E9F938070955}.PerformanceTest|Any CPU.ActiveCfg = Release|Any CPU
		{51E86920-BF55-4683-8120-E9F938070955}.PerformanceTest|Any CPU.Build.0 = Release|Any CPU
		{51E86920-BF55-4683-8120-E9F938070955}.Release|Any CPU.ActiveCfg = Release|Any CPU
		{51E86920-BF55-4683-8120-E9F938070955}.Release|Any CPU.Build.0 = Release|Any CPU
		{51E86920-BF55-4683-8120-E9F938070955}.X64|Any CPU.ActiveCfg = Release|Any CPU
		{51E86920-BF55-4683-8120-E9F938070955}.X64|Any CPU.Build.0 = Release|Any CPU
		{68A1A648-3E4F-4BFE-BA05-A0BEA5933307}.Debug|Any CPU.ActiveCfg = Debug|Any CPU
		{68A1A648-3E4F-4BFE-BA05-A0BEA5933307}.Debug|Any CPU.Build.0 = Debug|Any CPU
		{68A1A648-3E4F-4BFE-BA05-A0BEA5933307}.HubblePro|Any CPU.ActiveCfg = Release|Any CPU
		{68A1A648-3E4F-4BFE-BA05-A0BEA5933307}.HubblePro|Any CPU.Build.0 = Release|Any CPU
		{68A1A648-3E4F-4BFE-BA05-A0BEA5933307}.PerformanceTest|Any CPU.ActiveCfg = Release|Any CPU
		{68A1A648-3E4F-4BFE-BA05-A0BEA5933307}.PerformanceTest|Any CPU.Build.0 = Release|Any CPU
		{68A1A648-3E4F-4BFE-BA05-A0BEA5933307}.Release|Any CPU.ActiveCfg = Release|Any CPU
		{68A1A648-3E4F-4BFE-BA05-A0BEA5933307}.Release|Any CPU.Build.0 = Release|Any CPU
		{68A1A648-3E4F-4BFE-BA05-A0BEA5933307}.X64|Any CPU.ActiveCfg = Release|Any CPU
		{68A1A648-3E4F-4BFE-BA05-A0BEA5933307}.X64|Any CPU.Build.0 = Release|Any CPU
		{003F69CF-186C-45C9-85B6-96D175D56711}.Debug|Any CPU.ActiveCfg = Debug|Any CPU
		{003F69CF-186C-45C9-85B6-96D175D56711}.Debug|Any CPU.Build.0 = Debug|Any CPU
		{003F69CF-186C-45C9-85B6-96D175D56711}.HubblePro|Any CPU.ActiveCfg = HubblePro|Any CPU
		{003F69CF-186C-45C9-85B6-96D175D56711}.HubblePro|Any CPU.Build.0 = HubblePro|Any CPU
		{003F69CF-186C-45C9-85B6-96D175D56711}.PerformanceTest|Any CPU.ActiveCfg = PerformanceTest|Any CPU
		{003F69CF-186C-45C9-85B6-96D175D56711}.PerformanceTest|Any CPU.Build.0 = PerformanceTest|Any CPU
		{003F69CF-186C-45C9-85B6-96D175D56711}.Release|Any CPU.ActiveCfg = Release|Any CPU
		{003F69CF-186C-45C9-85B6-96D175D56711}.Release|Any CPU.Build.0 = Release|Any CPU
		{003F69CF-186C-45C9-85B6-96D175D56711}.X64|Any CPU.ActiveCfg = X64|Any CPU
		{003F69CF-186C-45C9-85B6-96D175D56711}.X64|Any CPU.Build.0 = X64|Any CPU
		{DA77CD74-7A29-4772-BF49-4A1DF146B1D1}.Debug|Any CPU.ActiveCfg = Debug|Any CPU
		{DA77CD74-7A29-4772-BF49-4A1DF146B1D1}.Debug|Any CPU.Build.0 = Debug|Any CPU
		{DA77CD74-7A29-4772-BF49-4A1DF146B1D1}.HubblePro|Any CPU.ActiveCfg = HubblePro|Any CPU
		{DA77CD74-7A29-4772-BF49-4A1DF146B1D1}.HubblePro|Any CPU.Build.0 = HubblePro|Any CPU
		{DA77CD74-7A29-4772-BF49-4A1DF146B1D1}.PerformanceTest|Any CPU.ActiveCfg = PerformanceTest|Any CPU
		{DA77CD74-7A29-4772-BF49-4A1DF146B1D1}.PerformanceTest|Any CPU.Build.0 = PerformanceTest|Any CPU
		{DA77CD74-7A29-4772-BF49-4A1DF146B1D1}.Release|Any CPU.ActiveCfg = Release|Any CPU
		{DA77CD74-7A29-4772-BF49-4A1DF146B1D1}.Release|Any CPU.Build.0 = Release|Any CPU
		{DA77CD74-7A29-4772-BF49-4A1DF146B1D1}.X64|Any CPU.ActiveCfg = X64|Any CPU
		{DA77CD74-7A29-4772-BF49-4A1DF146B1D1}.X64|Any CPU.Build.0 = X64|Any CPU
		{21D12CAB-9917-432E-A54E-E432DA0F432A}.Debug|Any CPU.ActiveCfg = Debug|Any CPU
		{21D12CAB-9917-432E-A54E-E432DA0F432A}.Debug|Any CPU.Build.0 = Debug|Any CPU
		{21D12CAB-9917-432E-A54E-E432DA0F432A}.HubblePro|Any CPU.ActiveCfg = HubblePro|Any CPU
		{21D12CAB-9917-432E-A54E-E432DA0F432A}.HubblePro|Any CPU.Build.0 = HubblePro|Any CPU
		{21D12CAB-9917-432E-A54E-E432DA0F432A}.PerformanceTest|Any CPU.ActiveCfg = PerformanceTest|Any CPU
		{21D12CAB-9917-432E-A54E-E432DA0F432A}.PerformanceTest|Any CPU.Build.0 = PerformanceTest|Any CPU
		{21D12CAB-9917-432E-A54E-E432DA0F432A}.Release|Any CPU.ActiveCfg = Release|Any CPU
		{21D12CAB-9917-432E-A54E-E432DA0F432A}.Release|Any CPU.Build.0 = Release|Any CPU
		{21D12CAB-9917-432E-A54E-E432DA0F432A}.X64|Any CPU.ActiveCfg = X64|Any CPU
		{21D12CAB-9917-432E-A54E-E432DA0F432A}.X64|Any CPU.Build.0 = X64|Any CPU
		{9CEBC151-D943-418D-985D-79FE3E89BD0B}.Debug|Any CPU.ActiveCfg = Debug|Any CPU
		{9CEBC151-D943-418D-985D-79FE3E89BD0B}.Debug|Any CPU.Build.0 = Debug|Any CPU
		{9CEBC151-D943-418D-985D-79FE3E89BD0B}.HubblePro|Any CPU.ActiveCfg = Release|Any CPU
		{9CEBC151-D943-418D-985D-79FE3E89BD0B}.HubblePro|Any CPU.Build.0 = Release|Any CPU
		{9CEBC151-D943-418D-985D-79FE3E89BD0B}.PerformanceTest|Any CPU.ActiveCfg = Release|Any CPU
		{9CEBC151-D943-418D-985D-79FE3E89BD0B}.PerformanceTest|Any CPU.Build.0 = Release|Any CPU
		{9CEBC151-D943-418D-985D-79FE3E89BD0B}.Release|Any CPU.ActiveCfg = Release|Any CPU
		{9CEBC151-D943-418D-985D-79FE3E89BD0B}.Release|Any CPU.Build.0 = Release|Any CPU
		{9CEBC151-D943-418D-985D-79FE3E89BD0B}.X64|Any CPU.ActiveCfg = Release|Any CPU
		{9CEBC151-D943-418D-985D-79FE3E89BD0B}.X64|Any CPU.Build.0 = Release|Any CPU
		{8B97E187-58C5-47BF-BAEB-991DB5A779CF}.Debug|Any CPU.ActiveCfg = Debug|Any CPU
		{8B97E187-58C5-47BF-BAEB-991DB5A779CF}.Debug|Any CPU.Build.0 = Debug|Any CPU
		{8B97E187-58C5-47BF-BAEB-991DB5A779CF}.HubblePro|Any CPU.ActiveCfg = Release|Any CPU
		{8B97E187-58C5-47BF-BAEB-991DB5A779CF}.HubblePro|Any CPU.Build.0 = Release|Any CPU
		{8B97E187-58C5-47BF-BAEB-991DB5A779CF}.PerformanceTest|Any CPU.ActiveCfg = Release|Any CPU
		{8B97E187-58C5-47BF-BAEB-991DB5A779CF}.PerformanceTest|Any CPU.Build.0 = Release|Any CPU
		{8B97E187-58C5-47BF-BAEB-991DB5A779CF}.Release|Any CPU.ActiveCfg = Release|Any CPU
		{8B97E187-58C5-47BF-BAEB-991DB5A779CF}.Release|Any CPU.Build.0 = Release|Any CPU
		{8B97E187-58C5-47BF-BAEB-991DB5A779CF}.X64|Any CPU.ActiveCfg = Release|Any CPU
		{8B97E187-58C5-47BF-BAEB-991DB5A779CF}.X64|Any CPU.Build.0 = Release|Any CPU
	EndGlobalSection
	GlobalSection(SolutionProperties) = preSolution
		HideSolutionNode = FALSE
	EndGlobalSection
	GlobalSection(NestedProjects) = preSolution
		{DA77CD74-7A29-4772-BF49-4A1DF146B1D1} = {AC8311B2-A9FA-4E41-B26C-9A4BCDE0484C}
		{21D12CAB-9917-432E-A54E-E432DA0F432A} = {AC8311B2-A9FA-4E41-B26C-9A4BCDE0484C}
		{003F69CF-186C-45C9-85B6-96D175D56711} = {AC8311B2-A9FA-4E41-B26C-9A4BCDE0484C}
	EndGlobalSection
EndGlobal
