
Microsoft Visual Studio Solution File, Format Version 10.00
# Visual Studio 2008
Project("{FAE04EC0-301F-11D3-BF4B-00C04F79EFBC}") = "Demo", "Demo\Demo.csproj", "{6B1A8830-A03A-435F-AFF1-4E4AFFF43FB0}"
EndProject
Project("{FAE04EC0-301F-11D3-BF4B-00C04F79EFBC}") = "Hubble.Tools.TextParse", "Hubble.Tools.TextParse\Hubble.Tools.TextParse.csproj", "{8A018D9C-A3AE-466F-BC47-A222ED4AD06E}"
EndProject
Global
	GlobalSection(SolutionConfigurationPlatforms) = preSolution
		Debug|Any CPU = Debug|Any CPU
		Release|Any CPU = Release|Any CPU
	EndGlobalSection
	GlobalSection(ProjectConfigurationPlatforms) = postSolution
		{6B1A8830-A03A-435F-AFF1-4E4AFFF43FB0}.Debug|Any CPU.ActiveCfg = Debug|Any CPU
		{6B1A8830-A03A-435F-AFF1-4E4AFFF43FB0}.Debug|Any CPU.Build.0 = Debug|Any CPU
		{6B1A8830-A03A-435F-AFF1-4E4AFFF43FB0}.Release|Any CPU.ActiveCfg = Release|Any CPU
		{6B1A8830-A03A-435F-AFF1-4E4AFFF43FB0}.Release|Any CPU.Build.0 = Release|Any CPU
		{8A018D9C-A3AE-466F-BC47-A222ED4AD06E}.Debug|Any CPU.ActiveCfg = Debug|Any CPU
		{8A018D9C-A3AE-466F-BC47-A222ED4AD06E}.Debug|Any CPU.Build.0 = Debug|Any CPU
		{8A018D9C-A3AE-466F-BC47-A222ED4AD06E}.Release|Any CPU.ActiveCfg = Release|Any CPU
		{8A018D9C-A3AE-466F-BC47-A222ED4AD06E}.Release|Any CPU.Build.0 = Release|Any CPU
	EndGlobalSection
	GlobalSection(SolutionProperties) = preSolution
		HideSolutionNode = FALSE
	EndGlobalSection
EndGlobal
