
Microsoft Visual Studio Solution File, Format Version 10.00
# Visual Studio 2008
Project("{2150E333-8FDC-42A3-9474-1A3956D46DE8}") = "Hubble.Data", "Hubble.Data", "{BAABB321-C486-4D8D-A1C0-3D1690689A54}"
EndProject
Project("{2150E333-8FDC-42A3-9474-1A3956D46DE8}") = "Hubble.Framework", "Hubble.Framework", "{3D6FD2A9-FC6A-4EF0-B63B-F39FADA47FA0}"
EndProject
Project("{2150E333-8FDC-42A3-9474-1A3956D46DE8}") = "Hubble.Test", "Hubble.Test", "{B04C3D2E-7C0B-4F2B-A457-091D216E615A}"
EndProject
Project("{FAE04EC0-301F-11D3-BF4B-00C04F79EFBC}") = "Hubble.Framework", "Hubble.Framework\Hubble.Framework\Hubble.Framework.csproj", "{21D12CAB-9917-432E-A54E-E432DA0F432A}"
EndProject
Project("{FAE04EC0-301F-11D3-BF4B-00C04F79EFBC}") = "Hubble.Core", "Hubble.Data\Hubble.Core\Hubble.Core.csproj", "{003F69CF-186C-45C9-85B6-96D175D56711}"
EndProject
Project("{FAE04EC0-301F-11D3-BF4B-00C04F79EFBC}") = "TestFramework", "Hubble.Test\TestFramework\TestFramework.csproj", "{232627F4-C75A-4ADE-B32D-AA5DD3104022}"
EndProject
Project("{FAE04EC0-301F-11D3-BF4B-00C04F79EFBC}") = "TestHubbleCore", "Hubble.Test\TestHubbleCore\TestHubbleCore.csproj", "{2419D421-2309-47F9-A2C3-84E7781A4999}"
EndProject
Global
	GlobalSection(SolutionConfigurationPlatforms) = preSolution
		Debug|Any CPU = Debug|Any CPU
		Release|Any CPU = Release|Any CPU
	EndGlobalSection
	GlobalSection(ProjectConfigurationPlatforms) = postSolution
		{21D12CAB-9917-432E-A54E-E432DA0F432A}.Debug|Any CPU.ActiveCfg = Debug|Any CPU
		{21D12CAB-9917-432E-A54E-E432DA0F432A}.Debug|Any CPU.Build.0 = Debug|Any CPU
		{21D12CAB-9917-432E-A54E-E432DA0F432A}.Release|Any CPU.ActiveCfg = Release|Any CPU
		{21D12CAB-9917-432E-A54E-E432DA0F432A}.Release|Any CPU.Build.0 = Release|Any CPU
		{003F69CF-186C-45C9-85B6-96D175D56711}.Debug|Any CPU.ActiveCfg = Debug|Any CPU
		{003F69CF-186C-45C9-85B6-96D175D56711}.Debug|Any CPU.Build.0 = Debug|Any CPU
		{003F69CF-186C-45C9-85B6-96D175D56711}.Release|Any CPU.ActiveCfg = Release|Any CPU
		{003F69CF-186C-45C9-85B6-96D175D56711}.Release|Any CPU.Build.0 = Release|Any CPU
		{232627F4-C75A-4ADE-B32D-AA5DD3104022}.Debug|Any CPU.ActiveCfg = Debug|Any CPU
		{232627F4-C75A-4ADE-B32D-AA5DD3104022}.Debug|Any CPU.Build.0 = Debug|Any CPU
		{232627F4-C75A-4ADE-B32D-AA5DD3104022}.Release|Any CPU.ActiveCfg = Release|Any CPU
		{232627F4-C75A-4ADE-B32D-AA5DD3104022}.Release|Any CPU.Build.0 = Release|Any CPU
		{2419D421-2309-47F9-A2C3-84E7781A4999}.Debug|Any CPU.ActiveCfg = Debug|Any CPU
		{2419D421-2309-47F9-A2C3-84E7781A4999}.Debug|Any CPU.Build.0 = Debug|Any CPU
		{2419D421-2309-47F9-A2C3-84E7781A4999}.Release|Any CPU.ActiveCfg = Release|Any CPU
		{2419D421-2309-47F9-A2C3-84E7781A4999}.Release|Any CPU.Build.0 = Release|Any CPU
	EndGlobalSection
	GlobalSection(SolutionProperties) = preSolution
		HideSolutionNode = FALSE
	EndGlobalSection
	GlobalSection(NestedProjects) = preSolution
		{003F69CF-186C-45C9-85B6-96D175D56711} = {BAABB321-C486-4D8D-A1C0-3D1690689A54}
		{21D12CAB-9917-432E-A54E-E432DA0F432A} = {3D6FD2A9-FC6A-4EF0-B63B-F39FADA47FA0}
		{232627F4-C75A-4ADE-B32D-AA5DD3104022} = {B04C3D2E-7C0B-4F2B-A457-091D216E615A}
		{2419D421-2309-47F9-A2C3-84E7781A4999} = {B04C3D2E-7C0B-4F2B-A457-091D216E615A}
	EndGlobalSection
EndGlobal
