
Microsoft Visual Studio Solution File, Format Version 10.00
# Visual Studio 2008
Project("{2150E333-8FDC-42A3-9474-1A3956D46DE8}") = "Hubble.Data", "Hubble.Data", "{BAABB321-C486-4D8D-A1C0-3D1690689A54}"
EndProject
Project("{2150E333-8FDC-42A3-9474-1A3956D46DE8}") = "Hubble.Framework", "Hubble.Framework", "{3D6FD2A9-FC6A-4EF0-B63B-F39FADA47FA0}"
EndProject
Project("{FAE04EC0-301F-11D3-BF4B-00C04F79EFBC}") = "Hubble.Framework", "Hubble.Framework\Hubble.Framework\Hubble.Framework.csproj", "{21D12CAB-9917-432E-A54E-E432DA0F432A}"
EndProject
Project("{FAE04EC0-301F-11D3-BF4B-00C04F79EFBC}") = "Hubble.Core", "Hubble.Data\Hubble.Core\Hubble.Core.csproj", "{003F69CF-186C-45C9-85B6-96D175D56711}"
EndProject
Project("{2150E333-8FDC-42A3-9474-1A3956D46DE8}") = "Demo", "Demo", "{82BF9CFF-A1ED-4A81-99F0-5D63C0137143}"
EndProject
Project("{FAE04EC0-301F-11D3-BF4B-00C04F79EFBC}") = "Hubble.Analyzer", "Hubble.Analyzer\Hubble.Analyzer.csproj", "{D94FD044-AC5D-4EF0-891B-019491461A16}"
EndProject
Project("{2150E333-8FDC-42A3-9474-1A3956D46DE8}") = "Hubble.Analysis", "Hubble.Analysis", "{70BF7819-6D26-4E25-90DE-3A18F7E729DB}"
EndProject
Project("{2150E333-8FDC-42A3-9474-1A3956D46DE8}") = "QueryAnalyzer", "QueryAnalyzer", "{11451498-1D0C-47F3-A1A6-55FE16D07621}"
EndProject
Project("{FAE04EC0-301F-11D3-BF4B-00C04F79EFBC}") = "QueryAnalyzer", "QueryAnalyzer\QueryAnalyzer.csproj", "{350D6DE0-014F-4B11-AED2-B759F66E136B}"
EndProject
Project("{2150E333-8FDC-42A3-9474-1A3956D46DE8}") = "Task", "Task", "{BF6C72AB-E41A-4ACE-887A-C40B721C6E1F}"
EndProject
Project("{FAE04EC0-301F-11D3-BF4B-00C04F79EFBC}") = "HubbleTask", "HubbleTask\HubbleTask.csproj", "{45D8FBF0-4184-414E-94F3-54433BF9FF0D}"
EndProject
Project("{FAE04EC0-301F-11D3-BF4B-00C04F79EFBC}") = "Hubble.SQLClient", "Hubble.Data\Hubble.SQLClient\Hubble.SQLClient.csproj", "{DA77CD74-7A29-4772-BF49-4A1DF146B1D1}"
EndProject
Project("{E24C65DC-7377-472B-9ABA-BC803B73C61A}") = "WebDemo", "Demo\WebDemo\", "{62D5214B-DF4D-4B8C-9041-4CF39D6DC2C3}"
	ProjectSection(WebsiteProperties) = preProject
		TargetFramework = "3.5"
		ProjectReferences = "{C745CE71-0DBE-46B0-BF50-B33923F48D2F}|AspDotNetPager.dll;{21D12CAB-9917-432E-A54E-E432DA0F432A}|Hubble.Framework.dll;{DA77CD74-7A29-4772-BF49-4A1DF146B1D1}|Hubble.SQLClient.dll;{D94FD044-AC5D-4EF0-891B-019491461A16}|Hubble.Analyzer.dll;"
		Debug.AspNetCompiler.VirtualPath = "/WebDemo"
		Debug.AspNetCompiler.PhysicalPath = "Demo\WebDemo\"
		Debug.AspNetCompiler.TargetPath = "PrecompiledWeb\WebDemo\"
		Debug.AspNetCompiler.Updateable = "true"
		Debug.AspNetCompiler.ForceOverwrite = "true"
		Debug.AspNetCompiler.FixedNames = "false"
		Debug.AspNetCompiler.Debug = "True"
		Release.AspNetCompiler.VirtualPath = "/WebDemo"
		Release.AspNetCompiler.PhysicalPath = "Demo\WebDemo\"
		Release.AspNetCompiler.TargetPath = "PrecompiledWeb\WebDemo\"
		Release.AspNetCompiler.Updateable = "true"
		Release.AspNetCompiler.ForceOverwrite = "true"
		Release.AspNetCompiler.FixedNames = "false"
		Release.AspNetCompiler.Debug = "False"
		VWDPort = "11757"
		DefaultWebSiteLanguage = "Visual C#"
	EndProjectSection
EndProject
Project("{FAE04EC0-301F-11D3-BF4B-00C04F79EFBC}") = "AspDotNetPager", "Demo\WebDemo\UserControl\AspDotNetPager\AspDotNetPager.csproj", "{C745CE71-0DBE-46B0-BF50-B33923F48D2F}"
EndProject
Project("{FAE04EC0-301F-11D3-BF4B-00C04F79EFBC}") = "Hubble.SQLClient.Linq", "Hubble.Data\Hubble.SQLClient.Linq\Hubble.SQLClient.Linq.csproj", "{35442360-4FD9-4D99-A4F3-93457861B01D}"
EndProject
Project("{FAE04EC0-301F-11D3-BF4B-00C04F79EFBC}") = "HubbleService", "HubbleService\HubbleService.csproj", "{7A46522F-6F86-42D8-AD85-3BAFCF3F0827}"
EndProject
Global
	GlobalSection(SolutionConfigurationPlatforms) = preSolution
		Debug|.NET = Debug|.NET
		Debug|Any CPU = Debug|Any CPU
		Debug|Mixed Platforms = Debug|Mixed Platforms
		HubblePro|.NET = HubblePro|.NET
		HubblePro|Any CPU = HubblePro|Any CPU
		HubblePro|Mixed Platforms = HubblePro|Mixed Platforms
		Release|.NET = Release|.NET
		Release|Any CPU = Release|Any CPU
		Release|Mixed Platforms = Release|Mixed Platforms
	EndGlobalSection
	GlobalSection(ProjectConfigurationPlatforms) = postSolution
		{21D12CAB-9917-432E-A54E-E432DA0F432A}.Debug|.NET.ActiveCfg = Debug|Any CPU
		{21D12CAB-9917-432E-A54E-E432DA0F432A}.Debug|Any CPU.ActiveCfg = Debug|Any CPU
		{21D12CAB-9917-432E-A54E-E432DA0F432A}.Debug|Any CPU.Build.0 = Debug|Any CPU
		{21D12CAB-9917-432E-A54E-E432DA0F432A}.Debug|Mixed Platforms.ActiveCfg = Debug|Any CPU
		{21D12CAB-9917-432E-A54E-E432DA0F432A}.Debug|Mixed Platforms.Build.0 = Debug|Any CPU
		{21D12CAB-9917-432E-A54E-E432DA0F432A}.HubblePro|.NET.ActiveCfg = HubblePro|Any CPU
		{21D12CAB-9917-432E-A54E-E432DA0F432A}.HubblePro|Any CPU.ActiveCfg = HubblePro|Any CPU
		{21D12CAB-9917-432E-A54E-E432DA0F432A}.HubblePro|Any CPU.Build.0 = HubblePro|Any CPU
		{21D12CAB-9917-432E-A54E-E432DA0F432A}.HubblePro|Mixed Platforms.ActiveCfg = HubblePro|Any CPU
		{21D12CAB-9917-432E-A54E-E432DA0F432A}.HubblePro|Mixed Platforms.Build.0 = HubblePro|Any CPU
		{21D12CAB-9917-432E-A54E-E432DA0F432A}.Release|.NET.ActiveCfg = Release|Any CPU
		{21D12CAB-9917-432E-A54E-E432DA0F432A}.Release|Any CPU.ActiveCfg = Release|Any CPU
		{21D12CAB-9917-432E-A54E-E432DA0F432A}.Release|Any CPU.Build.0 = Release|Any CPU
		{21D12CAB-9917-432E-A54E-E432DA0F432A}.Release|Mixed Platforms.ActiveCfg = Release|Any CPU
		{21D12CAB-9917-432E-A54E-E432DA0F432A}.Release|Mixed Platforms.Build.0 = Release|Any CPU
		{003F69CF-186C-45C9-85B6-96D175D56711}.Debug|.NET.ActiveCfg = Debug|Any CPU
		{003F69CF-186C-45C9-85B6-96D175D56711}.Debug|Any CPU.ActiveCfg = Debug|Any CPU
		{003F69CF-186C-45C9-85B6-96D175D56711}.Debug|Any CPU.Build.0 = Debug|Any CPU
		{003F69CF-186C-45C9-85B6-96D175D56711}.Debug|Mixed Platforms.ActiveCfg = Debug|Any CPU
		{003F69CF-186C-45C9-85B6-96D175D56711}.Debug|Mixed Platforms.Build.0 = Debug|Any CPU
		{003F69CF-186C-45C9-85B6-96D175D56711}.HubblePro|.NET.ActiveCfg = HubblePro|Any CPU
		{003F69CF-186C-45C9-85B6-96D175D56711}.HubblePro|Any CPU.ActiveCfg = HubblePro|Any CPU
		{003F69CF-186C-45C9-85B6-96D175D56711}.HubblePro|Any CPU.Build.0 = HubblePro|Any CPU
		{003F69CF-186C-45C9-85B6-96D175D56711}.HubblePro|Mixed Platforms.ActiveCfg = HubblePro|Any CPU
		{003F69CF-186C-45C9-85B6-96D175D56711}.HubblePro|Mixed Platforms.Build.0 = HubblePro|Any CPU
		{003F69CF-186C-45C9-85B6-96D175D56711}.Release|.NET.ActiveCfg = Release|Any CPU
		{003F69CF-186C-45C9-85B6-96D175D56711}.Release|Any CPU.ActiveCfg = Release|Any CPU
		{003F69CF-186C-45C9-85B6-96D175D56711}.Release|Any CPU.Build.0 = Release|Any CPU
		{003F69CF-186C-45C9-85B6-96D175D56711}.Release|Mixed Platforms.ActiveCfg = Release|Any CPU
		{003F69CF-186C-45C9-85B6-96D175D56711}.Release|Mixed Platforms.Build.0 = Release|Any CPU
		{D94FD044-AC5D-4EF0-891B-019491461A16}.Debug|.NET.ActiveCfg = Debug|Any CPU
		{D94FD044-AC5D-4EF0-891B-019491461A16}.Debug|Any CPU.ActiveCfg = Debug|Any CPU
		{D94FD044-AC5D-4EF0-891B-019491461A16}.Debug|Any CPU.Build.0 = Debug|Any CPU
		{D94FD044-AC5D-4EF0-891B-019491461A16}.Debug|Mixed Platforms.ActiveCfg = Debug|Any CPU
		{D94FD044-AC5D-4EF0-891B-019491461A16}.Debug|Mixed Platforms.Build.0 = Debug|Any CPU
		{D94FD044-AC5D-4EF0-891B-019491461A16}.HubblePro|.NET.ActiveCfg = HubblePro|Any CPU
		{D94FD044-AC5D-4EF0-891B-019491461A16}.HubblePro|Any CPU.ActiveCfg = HubblePro|Any CPU
		{D94FD044-AC5D-4EF0-891B-019491461A16}.HubblePro|Any CPU.Build.0 = HubblePro|Any CPU
		{D94FD044-AC5D-4EF0-891B-019491461A16}.HubblePro|Mixed Platforms.ActiveCfg = HubblePro|Any CPU
		{D94FD044-AC5D-4EF0-891B-019491461A16}.HubblePro|Mixed Platforms.Build.0 = HubblePro|Any CPU
		{D94FD044-AC5D-4EF0-891B-019491461A16}.Release|.NET.ActiveCfg = Release|Any CPU
		{D94FD044-AC5D-4EF0-891B-019491461A16}.Release|Any CPU.ActiveCfg = Release|Any CPU
		{D94FD044-AC5D-4EF0-891B-019491461A16}.Release|Any CPU.Build.0 = Release|Any CPU
		{D94FD044-AC5D-4EF0-891B-019491461A16}.Release|Mixed Platforms.ActiveCfg = Release|Any CPU
		{D94FD044-AC5D-4EF0-891B-019491461A16}.Release|Mixed Platforms.Build.0 = Release|Any CPU
		{350D6DE0-014F-4B11-AED2-B759F66E136B}.Debug|.NET.ActiveCfg = Debug|Any CPU
		{350D6DE0-014F-4B11-AED2-B759F66E136B}.Debug|Any CPU.ActiveCfg = Debug|Any CPU
		{350D6DE0-014F-4B11-AED2-B759F66E136B}.Debug|Any CPU.Build.0 = Debug|Any CPU
		{350D6DE0-014F-4B11-AED2-B759F66E136B}.Debug|Mixed Platforms.ActiveCfg = Debug|Any CPU
		{350D6DE0-014F-4B11-AED2-B759F66E136B}.Debug|Mixed Platforms.Build.0 = Debug|Any CPU
		{350D6DE0-014F-4B11-AED2-B759F66E136B}.HubblePro|.NET.ActiveCfg = HubblePro|Any CPU
		{350D6DE0-014F-4B11-AED2-B759F66E136B}.HubblePro|Any CPU.ActiveCfg = HubblePro|Any CPU
		{350D6DE0-014F-4B11-AED2-B759F66E136B}.HubblePro|Any CPU.Build.0 = HubblePro|Any CPU
		{350D6DE0-014F-4B11-AED2-B759F66E136B}.HubblePro|Mixed Platforms.ActiveCfg = HubblePro|Any CPU
		{350D6DE0-014F-4B11-AED2-B759F66E136B}.HubblePro|Mixed Platforms.Build.0 = HubblePro|Any CPU
		{350D6DE0-014F-4B11-AED2-B759F66E136B}.Release|.NET.ActiveCfg = Release|Any CPU
		{350D6DE0-014F-4B11-AED2-B759F66E136B}.Release|Any CPU.ActiveCfg = Release|Any CPU
		{350D6DE0-014F-4B11-AED2-B759F66E136B}.Release|Any CPU.Build.0 = Release|Any CPU
		{350D6DE0-014F-4B11-AED2-B759F66E136B}.Release|Mixed Platforms.ActiveCfg = Release|Any CPU
		{350D6DE0-014F-4B11-AED2-B759F66E136B}.Release|Mixed Platforms.Build.0 = Release|Any CPU
		{45D8FBF0-4184-414E-94F3-54433BF9FF0D}.Debug|.NET.ActiveCfg = Debug|Any CPU
		{45D8FBF0-4184-414E-94F3-54433BF9FF0D}.Debug|Any CPU.ActiveCfg = Debug|Any CPU
		{45D8FBF0-4184-414E-94F3-54433BF9FF0D}.Debug|Any CPU.Build.0 = Debug|Any CPU
		{45D8FBF0-4184-414E-94F3-54433BF9FF0D}.Debug|Mixed Platforms.ActiveCfg = Debug|Any CPU
		{45D8FBF0-4184-414E-94F3-54433BF9FF0D}.Debug|Mixed Platforms.Build.0 = Debug|Any CPU
		{45D8FBF0-4184-414E-94F3-54433BF9FF0D}.HubblePro|.NET.ActiveCfg = HubblePro|Any CPU
		{45D8FBF0-4184-414E-94F3-54433BF9FF0D}.HubblePro|Any CPU.ActiveCfg = HubblePro|Any CPU
		{45D8FBF0-4184-414E-94F3-54433BF9FF0D}.HubblePro|Any CPU.Build.0 = HubblePro|Any CPU
		{45D8FBF0-4184-414E-94F3-54433BF9FF0D}.HubblePro|Mixed Platforms.ActiveCfg = HubblePro|Any CPU
		{45D8FBF0-4184-414E-94F3-54433BF9FF0D}.HubblePro|Mixed Platforms.Build.0 = HubblePro|Any CPU
		{45D8FBF0-4184-414E-94F3-54433BF9FF0D}.Release|.NET.ActiveCfg = Release|Any CPU
		{45D8FBF0-4184-414E-94F3-54433BF9FF0D}.Release|Any CPU.ActiveCfg = Release|Any CPU
		{45D8FBF0-4184-414E-94F3-54433BF9FF0D}.Release|Any CPU.Build.0 = Release|Any CPU
		{45D8FBF0-4184-414E-94F3-54433BF9FF0D}.Release|Mixed Platforms.ActiveCfg = Release|Any CPU
		{45D8FBF0-4184-414E-94F3-54433BF9FF0D}.Release|Mixed Platforms.Build.0 = Release|Any CPU
		{DA77CD74-7A29-4772-BF49-4A1DF146B1D1}.Debug|.NET.ActiveCfg = Debug|Any CPU
		{DA77CD74-7A29-4772-BF49-4A1DF146B1D1}.Debug|Any CPU.ActiveCfg = Debug|Any CPU
		{DA77CD74-7A29-4772-BF49-4A1DF146B1D1}.Debug|Any CPU.Build.0 = Debug|Any CPU
		{DA77CD74-7A29-4772-BF49-4A1DF146B1D1}.Debug|Mixed Platforms.ActiveCfg = Debug|Any CPU
		{DA77CD74-7A29-4772-BF49-4A1DF146B1D1}.Debug|Mixed Platforms.Build.0 = Debug|Any CPU
		{DA77CD74-7A29-4772-BF49-4A1DF146B1D1}.HubblePro|.NET.ActiveCfg = HubblePro|Any CPU
		{DA77CD74-7A29-4772-BF49-4A1DF146B1D1}.HubblePro|Any CPU.ActiveCfg = HubblePro|Any CPU
		{DA77CD74-7A29-4772-BF49-4A1DF146B1D1}.HubblePro|Any CPU.Build.0 = HubblePro|Any CPU
		{DA77CD74-7A29-4772-BF49-4A1DF146B1D1}.HubblePro|Mixed Platforms.ActiveCfg = HubblePro|Any CPU
		{DA77CD74-7A29-4772-BF49-4A1DF146B1D1}.HubblePro|Mixed Platforms.Build.0 = HubblePro|Any CPU
		{DA77CD74-7A29-4772-BF49-4A1DF146B1D1}.Release|.NET.ActiveCfg = Release|Any CPU
		{DA77CD74-7A29-4772-BF49-4A1DF146B1D1}.Release|Any CPU.ActiveCfg = Release|Any CPU
		{DA77CD74-7A29-4772-BF49-4A1DF146B1D1}.Release|Any CPU.Build.0 = Release|Any CPU
		{DA77CD74-7A29-4772-BF49-4A1DF146B1D1}.Release|Mixed Platforms.ActiveCfg = Release|Any CPU
		{DA77CD74-7A29-4772-BF49-4A1DF146B1D1}.Release|Mixed Platforms.Build.0 = Release|Any CPU
		{62D5214B-DF4D-4B8C-9041-4CF39D6DC2C3}.Debug|.NET.ActiveCfg = Debug|.NET
		{62D5214B-DF4D-4B8C-9041-4CF39D6DC2C3}.Debug|.NET.Build.0 = Debug|.NET
		{62D5214B-DF4D-4B8C-9041-4CF39D6DC2C3}.Debug|Any CPU.ActiveCfg = Debug|.NET
		{62D5214B-DF4D-4B8C-9041-4CF39D6DC2C3}.Debug|Mixed Platforms.ActiveCfg = Debug|.NET
		{62D5214B-DF4D-4B8C-9041-4CF39D6DC2C3}.Debug|Mixed Platforms.Build.0 = Debug|.NET
		{62D5214B-DF4D-4B8C-9041-4CF39D6DC2C3}.HubblePro|.NET.ActiveCfg = Debug|.NET
		{62D5214B-DF4D-4B8C-9041-4CF39D6DC2C3}.HubblePro|.NET.Build.0 = Debug|.NET
		{62D5214B-DF4D-4B8C-9041-4CF39D6DC2C3}.HubblePro|Any CPU.ActiveCfg = Debug|.NET
		{62D5214B-DF4D-4B8C-9041-4CF39D6DC2C3}.HubblePro|Mixed Platforms.ActiveCfg = Debug|.NET
		{62D5214B-DF4D-4B8C-9041-4CF39D6DC2C3}.HubblePro|Mixed Platforms.Build.0 = Debug|.NET
		{62D5214B-DF4D-4B8C-9041-4CF39D6DC2C3}.Release|.NET.ActiveCfg = Debug|.NET
		{62D5214B-DF4D-4B8C-9041-4CF39D6DC2C3}.Release|.NET.Build.0 = Debug|.NET
		{62D5214B-DF4D-4B8C-9041-4CF39D6DC2C3}.Release|Any CPU.ActiveCfg = Debug|.NET
		{62D5214B-DF4D-4B8C-9041-4CF39D6DC2C3}.Release|Mixed Platforms.ActiveCfg = Debug|Any CPU
		{62D5214B-DF4D-4B8C-9041-4CF39D6DC2C3}.Release|Mixed Platforms.Build.0 = Debug|Any CPU
		{C745CE71-0DBE-46B0-BF50-B33923F48D2F}.Debug|.NET.ActiveCfg = Debug|Any CPU
		{C745CE71-0DBE-46B0-BF50-B33923F48D2F}.Debug|Any CPU.ActiveCfg = Debug|Any CPU
		{C745CE71-0DBE-46B0-BF50-B33923F48D2F}.Debug|Any CPU.Build.0 = Debug|Any CPU
		{C745CE71-0DBE-46B0-BF50-B33923F48D2F}.Debug|Mixed Platforms.ActiveCfg = Debug|Any CPU
		{C745CE71-0DBE-46B0-BF50-B33923F48D2F}.Debug|Mixed Platforms.Build.0 = Debug|Any CPU
		{C745CE71-0DBE-46B0-BF50-B33923F48D2F}.HubblePro|.NET.ActiveCfg = HubblePro|Any CPU
		{C745CE71-0DBE-46B0-BF50-B33923F48D2F}.HubblePro|Any CPU.ActiveCfg = HubblePro|Any CPU
		{C745CE71-0DBE-46B0-BF50-B33923F48D2F}.HubblePro|Any CPU.Build.0 = HubblePro|Any CPU
		{C745CE71-0DBE-46B0-BF50-B33923F48D2F}.HubblePro|Mixed Platforms.ActiveCfg = HubblePro|Any CPU
		{C745CE71-0DBE-46B0-BF50-B33923F48D2F}.HubblePro|Mixed Platforms.Build.0 = HubblePro|Any CPU
		{C745CE71-0DBE-46B0-BF50-B33923F48D2F}.Release|.NET.ActiveCfg = Release|Any CPU
		{C745CE71-0DBE-46B0-BF50-B33923F48D2F}.Release|Any CPU.ActiveCfg = Release|Any CPU
		{C745CE71-0DBE-46B0-BF50-B33923F48D2F}.Release|Any CPU.Build.0 = Release|Any CPU
		{C745CE71-0DBE-46B0-BF50-B33923F48D2F}.Release|Mixed Platforms.ActiveCfg = Release|Any CPU
		{C745CE71-0DBE-46B0-BF50-B33923F48D2F}.Release|Mixed Platforms.Build.0 = Release|Any CPU
		{35442360-4FD9-4D99-A4F3-93457861B01D}.Debug|.NET.ActiveCfg = Debug|Any CPU
		{35442360-4FD9-4D99-A4F3-93457861B01D}.Debug|Any CPU.ActiveCfg = Debug|Any CPU
		{35442360-4FD9-4D99-A4F3-93457861B01D}.Debug|Any CPU.Build.0 = Debug|Any CPU
		{35442360-4FD9-4D99-A4F3-93457861B01D}.Debug|Mixed Platforms.ActiveCfg = Debug|Any CPU
		{35442360-4FD9-4D99-A4F3-93457861B01D}.Debug|Mixed Platforms.Build.0 = Debug|Any CPU
		{35442360-4FD9-4D99-A4F3-93457861B01D}.HubblePro|.NET.ActiveCfg = HubblePro|Any CPU
		{35442360-4FD9-4D99-A4F3-93457861B01D}.HubblePro|Any CPU.ActiveCfg = HubblePro|Any CPU
		{35442360-4FD9-4D99-A4F3-93457861B01D}.HubblePro|Any CPU.Build.0 = HubblePro|Any CPU
		{35442360-4FD9-4D99-A4F3-93457861B01D}.HubblePro|Mixed Platforms.ActiveCfg = HubblePro|Any CPU
		{35442360-4FD9-4D99-A4F3-93457861B01D}.HubblePro|Mixed Platforms.Build.0 = HubblePro|Any CPU
		{35442360-4FD9-4D99-A4F3-93457861B01D}.Release|.NET.ActiveCfg = Release|Any CPU
		{35442360-4FD9-4D99-A4F3-93457861B01D}.Release|Any CPU.ActiveCfg = Release|Any CPU
		{35442360-4FD9-4D99-A4F3-93457861B01D}.Release|Any CPU.Build.0 = Release|Any CPU
		{35442360-4FD9-4D99-A4F3-93457861B01D}.Release|Mixed Platforms.ActiveCfg = Release|Any CPU
		{35442360-4FD9-4D99-A4F3-93457861B01D}.Release|Mixed Platforms.Build.0 = Release|Any CPU
		{7A46522F-6F86-42D8-AD85-3BAFCF3F0827}.Debug|.NET.ActiveCfg = Debug|Any CPU
		{7A46522F-6F86-42D8-AD85-3BAFCF3F0827}.Debug|Any CPU.ActiveCfg = Debug|Any CPU
		{7A46522F-6F86-42D8-AD85-3BAFCF3F0827}.Debug|Any CPU.Build.0 = Debug|Any CPU
		{7A46522F-6F86-42D8-AD85-3BAFCF3F0827}.Debug|Mixed Platforms.ActiveCfg = Debug|Any CPU
		{7A46522F-6F86-42D8-AD85-3BAFCF3F0827}.Debug|Mixed Platforms.Build.0 = Debug|Any CPU
		{7A46522F-6F86-42D8-AD85-3BAFCF3F0827}.HubblePro|.NET.ActiveCfg = HubblePro|Any CPU
		{7A46522F-6F86-42D8-AD85-3BAFCF3F0827}.HubblePro|Any CPU.ActiveCfg = HubblePro|Any CPU
		{7A46522F-6F86-42D8-AD85-3BAFCF3F0827}.HubblePro|Any CPU.Build.0 = HubblePro|Any CPU
		{7A46522F-6F86-42D8-AD85-3BAFCF3F0827}.HubblePro|Mixed Platforms.ActiveCfg = HubblePro|Any CPU
		{7A46522F-6F86-42D8-AD85-3BAFCF3F0827}.HubblePro|Mixed Platforms.Build.0 = HubblePro|Any CPU
		{7A46522F-6F86-42D8-AD85-3BAFCF3F0827}.Release|.NET.ActiveCfg = Release|Any CPU
		{7A46522F-6F86-42D8-AD85-3BAFCF3F0827}.Release|Any CPU.ActiveCfg = Release|Any CPU
		{7A46522F-6F86-42D8-AD85-3BAFCF3F0827}.Release|Any CPU.Build.0 = Release|Any CPU
		{7A46522F-6F86-42D8-AD85-3BAFCF3F0827}.Release|Mixed Platforms.ActiveCfg = Release|Any CPU
		{7A46522F-6F86-42D8-AD85-3BAFCF3F0827}.Release|Mixed Platforms.Build.0 = Release|Any CPU
	EndGlobalSection
	GlobalSection(SolutionProperties) = preSolution
		HideSolutionNode = FALSE
	EndGlobalSection
	GlobalSection(NestedProjects) = preSolution
		{003F69CF-186C-45C9-85B6-96D175D56711} = {BAABB321-C486-4D8D-A1C0-3D1690689A54}
		{DA77CD74-7A29-4772-BF49-4A1DF146B1D1} = {BAABB321-C486-4D8D-A1C0-3D1690689A54}
		{35442360-4FD9-4D99-A4F3-93457861B01D} = {BAABB321-C486-4D8D-A1C0-3D1690689A54}
		{21D12CAB-9917-432E-A54E-E432DA0F432A} = {3D6FD2A9-FC6A-4EF0-B63B-F39FADA47FA0}
		{62D5214B-DF4D-4B8C-9041-4CF39D6DC2C3} = {82BF9CFF-A1ED-4A81-99F0-5D63C0137143}
		{C745CE71-0DBE-46B0-BF50-B33923F48D2F} = {82BF9CFF-A1ED-4A81-99F0-5D63C0137143}
		{D94FD044-AC5D-4EF0-891B-019491461A16} = {70BF7819-6D26-4E25-90DE-3A18F7E729DB}
		{350D6DE0-014F-4B11-AED2-B759F66E136B} = {11451498-1D0C-47F3-A1A6-55FE16D07621}
		{45D8FBF0-4184-414E-94F3-54433BF9FF0D} = {BF6C72AB-E41A-4ACE-887A-C40B721C6E1F}
		{7A46522F-6F86-42D8-AD85-3BAFCF3F0827} = {BF6C72AB-E41A-4ACE-887A-C40B721C6E1F}
	EndGlobalSection
EndGlobal
